// !$*UTF8*$!
{
	archiveVersion = 1;
	classes = {
	};
	objectVersion = 50;
	objects = {

/* Begin PBXBuildFile section */
		193CB9B522B042EB00FDFD0B /* assembly.c in Sources */ = {isa = PBXBuildFile; fileRef = 193CB9B422B042EB00FDFD0B /* assembly.c */; };
		194911E022CD81B300E3DB04 /* data&signTable.c in Sources */ = {isa = PBXBuildFile; fileRef = 194911DF22CD81B300E3DB04 /* data&signTable.c */; };
		19B00BB422C91F830058DD03 /* readSource.c in Sources */ = {isa = PBXBuildFile; fileRef = 19B00BB322C91F830058DD03 /* readSource.c */; };
		19B00BB722C937940058DD03 /* utils.c in Sources */ = {isa = PBXBuildFile; fileRef = 19B00BB622C937940058DD03 /* utils.c */; };
/* End PBXBuildFile section */

/* Begin PBXCopyFilesBuildPhase section */
		193CB9AF22B042EB00FDFD0B /* CopyFiles */ = {
			isa = PBXCopyFilesBuildPhase;
			buildActionMask = 2147483647;
			dstPath = /usr/share/man/man1/;
			dstSubfolderSpec = 0;
			files = (
			);
			runOnlyForDeploymentPostprocessing = 1;
		};
/* End PBXCopyFilesBuildPhase section */

/* Begin PBXFileReference section */
		193CB9B122B042EB00FDFD0B /* mmn14 */ = {isa = PBXFileReference; explicitFileType = "compiled.mach-o.executable"; includeInIndex = 0; path = mmn14; sourceTree = BUILT_PRODUCTS_DIR; };
		193CB9B422B042EB00FDFD0B /* assembly.c */ = {isa = PBXFileReference; lastKnownFileType = sourcecode.c.c; path = assembly.c; sourceTree = "<group>"; };
		194911DE22CD81B300E3DB04 /* data&signTable.h */ = {isa = PBXFileReference; lastKnownFileType = sourcecode.c.h; path = "data&signTable.h"; sourceTree = "<group>"; };
		194911DF22CD81B300E3DB04 /* data&signTable.c */ = {isa = PBXFileReference; lastKnownFileType = sourcecode.c.c; path = "data&signTable.c"; sourceTree = "<group>"; };
		19B00BB122C91E5B0058DD03 /* assembly.h */ = {isa = PBXFileReference; lastKnownFileType = sourcecode.c.h; path = assembly.h; sourceTree = "<group>"; };
		19B00BB222C91F830058DD03 /* readSource.h */ = {isa = PBXFileReference; lastKnownFileType = sourcecode.c.h; path = readSource.h; sourceTree = "<group>"; };
		19B00BB322C91F830058DD03 /* readSource.c */ = {isa = PBXFileReference; lastKnownFileType = sourcecode.c.c; path = readSource.c; sourceTree = "<group>"; };
		19B00BB522C937940058DD03 /* utils.h */ = {isa = PBXFileReference; lastKnownFileType = sourcecode.c.h; path = utils.h; sourceTree = "<group>"; };
		19B00BB622C937940058DD03 /* utils.c */ = {isa = PBXFileReference; lastKnownFileType = sourcecode.c.c; path = utils.c; sourceTree = "<group>"; };
/* End PBXFileReference section */

/* Begin PBXFrameworksBuildPhase section */
		193CB9AE22B042EB00FDFD0B /* Frameworks */ = {
			isa = PBXFrameworksBuildPhase;
			buildActionMask = 2147483647;
			files = (
			);
			runOnlyForDeploymentPostprocessing = 0;
		};
/* End PBXFrameworksBuildPhase section */

/* Begin PBXGroup section */
		193CB9A822B042EB00FDFD0B = {
			isa = PBXGroup;
			children = (
				193CB9B322B042EB00FDFD0B /* mmn14 */,
				193CB9B222B042EB00FDFD0B /* Products */,
			);
			sourceTree = "<group>";
		};
		193CB9B222B042EB00FDFD0B /* Products */ = {
			isa = PBXGroup;
			children = (
				193CB9B122B042EB00FDFD0B /* mmn14 */,
			);
			name = Products;
			sourceTree = "<group>";
		};
		193CB9B322B042EB00FDFD0B /* mmn14 */ = {
			isa = PBXGroup;
			children = (
				193CB9B422B042EB00FDFD0B /* assembly.c */,
				19B00BB122C91E5B0058DD03 /* assembly.h */,
				19B00BB322C91F830058DD03 /* readSource.c */,
				19B00BB222C91F830058DD03 /* readSource.h */,
				19B00BB622C937940058DD03 /* utils.c */,
				19B00BB522C937940058DD03 /* utils.h */,
				194911DF22CD81B300E3DB04 /* data&signTable.c */,
				194911DE22CD81B300E3DB04 /* data&signTable.h */,
			);
			path = mmn14;
			sourceTree = "<group>";
		};
/* End PBXGroup section */

/* Begin PBXNativeTarget section */
		193CB9B022B042EB00FDFD0B /* mmn14 */ = {
			isa = PBXNativeTarget;
			buildConfigurationList = 193CB9B822B042EB00FDFD0B /* Build configuration list for PBXNativeTarget "mmn14" */;
			buildPhases = (
				193CB9AD22B042EB00FDFD0B /* Sources */,
				193CB9AE22B042EB00FDFD0B /* Frameworks */,
				193CB9AF22B042EB00FDFD0B /* CopyFiles */,
			);
			buildRules = (
			);
			dependencies = (
			);
			name = mmn14;
			productName = mmn14;
			productReference = 193CB9B122B042EB00FDFD0B /* mmn14 */;
			productType = "com.apple.product-type.tool";
		};
/* End PBXNativeTarget section */

/* Begin PBXProject section */
		193CB9A922B042EB00FDFD0B /* Project object */ = {
			isa = PBXProject;
			attributes = {
				LastUpgradeCheck = 1020;
				ORGANIZATIONNAME = "Avidan Hassine";
				TargetAttributes = {
					193CB9B022B042EB00FDFD0B = {
						CreatedOnToolsVersion = 10.2.1;
					};
				};
			};
			buildConfigurationList = 193CB9AC22B042EB00FDFD0B /* Build configuration list for PBXProject "mmn14" */;
			compatibilityVersion = "Xcode 9.3";
			developmentRegion = en;
			hasScannedForEncodings = 0;
			knownRegions = (
				en,
				Base,
			);
			mainGroup = 193CB9A822B042EB00FDFD0B;
			productRefGroup = 193CB9B222B042EB00FDFD0B /* Products */;
			projectDirPath = "";
			projectRoot = "";
			targets = (
				193CB9B022B042EB00FDFD0B /* mmn14 */,
			);
		};
/* End PBXProject section */

/* Begin PBXSourcesBuildPhase section */
		193CB9AD22B042EB00FDFD0B /* Sources */ = {
			isa = PBXSourcesBuildPhase;
			buildActionMask = 2147483647;
			files = (
				19B00BB722C937940058DD03 /* utils.c in Sources */,
				19B00BB422C91F830058DD03 /* readSource.c in Sources */,
				194911E022CD81B300E3DB04 /* data&signTable.c in Sources */,
				193CB9B522B042EB00FDFD0B /* assembly.c in Sources */,
			);
			runOnlyForDeploymentPostprocessing = 0;
		};
/* End PBXSourcesBuildPhase section */

/* Begin XCBuildConfiguration section */
		193CB9B622B042EB00FDFD0B /* Debug */ = {
			isa = XCBuildConfiguration;
			buildSettings = {
				ALWAYS_SEARCH_USER_PATHS = NO;
				CLANG_ANALYZER_NONNULL = YES;
				CLANG_ANALYZER_NUMBER_OBJECT_CONVERSION = YES_AGGRESSIVE;
				CLANG_CXX_LANGUAGE_STANDARD = "gnu++14";
				CLANG_CXX_LIBRARY = "libc++";
				CLANG_ENABLE_MODULES = YES;
				CLANG_ENABLE_OBJC_ARC = YES;
				CLANG_ENABLE_OBJC_WEAK = YES;
				CLANG_WARN_BLOCK_CAPTURE_AUTORELEASING = YES;
				CLANG_WARN_BOOL_CONVERSION = YES;
				CLANG_WARN_COMMA = YES;
				CLANG_WARN_CONSTANT_CONVERSION = YES;
				CLANG_WARN_DEPRECATED_OBJC_IMPLEMENTATIONS = YES;
				CLANG_WARN_DIRECT_OBJC_ISA_USAGE = YES_ERROR;
				CLANG_WARN_DOCUMENTATION_COMMENTS = YES;
				CLANG_WARN_EMPTY_BODY = YES;
				CLANG_WARN_ENUM_CONVERSION = YES;
				CLANG_WARN_INFINITE_RECURSION = YES;
				CLANG_WARN_INT_CONVERSION = YES;
				CLANG_WARN_NON_LITERAL_NULL_CONVERSION = YES;
				CLANG_WARN_OBJC_IMPLICIT_RETAIN_SELF = YES;
				CLANG_WARN_OBJC_LITERAL_CONVERSION = YES;
				CLANG_WARN_OBJC_ROOT_CLASS = YES_ERROR;
				CLANG_WARN_RANGE_LOOP_ANALYSIS = YES;
				CLANG_WARN_STRICT_PROTOTYPES = YES;
				CLANG_WARN_SUSPICIOUS_MOVE = YES;
				CLANG_WARN_UNGUARDED_AVAILABILITY = YES_AGGRESSIVE;
				CLANG_WARN_UNREACHABLE_CODE = YES;
				CLANG_WARN__DUPLICATE_METHOD_MATCH = YES;
				CODE_SIGN_IDENTITY = "Mac Developer";
				COPY_PHASE_STRIP = NO;
				DEBUG_INFORMATION_FORMAT = dwarf;
				ENABLE_STRICT_OBJC_MSGSEND = YES;
				ENABLE_TESTABILITY = YES;
				GCC_C_LANGUAGE_STANDARD = gnu11;
				GCC_DYNAMIC_NO_PIC = NO;
				GCC_NO_COMMON_BLOCKS = YES;
				GCC_OPTIMIZATION_LEVEL = 0;
				GCC_PREPROCESSOR_DEFINITIONS = (
					"DEBUG=1",
					"$(inherited)",
				);
				GCC_WARN_64_TO_32_BIT_CONVERSION = YES;
				GCC_WARN_ABOUT_RETURN_TYPE = YES_ERROR;
				GCC_WARN_UNDECLARED_SELECTOR = YES;
				GCC_WARN_UNINITIALIZED_AUTOS = YES_AGGRESSIVE;
				GCC_WARN_UNUSED_FUNCTION = YES;
				GCC_WARN_UNUSED_VARIABLE = YES;
				MACOSX_DEPLOYMENT_TARGET = 10.14;
				MTL_ENABLE_DEBUG_INFO = INCLUDE_SOURCE;
				MTL_FAST_MATH = YES;
				ONLY_ACTIVE_ARCH = YES;
				SDKROOT = macosx;
			};
			name = Debug;
		};
		193CB9B722B042EB00FDFD0B /* Release */ = {
			isa = XCBuildConfiguration;
			buildSettings = {
				ALWAYS_SEARCH_USER_PATHS = NO;
				CLANG_ANALYZER_NONNULL = YES;
				CLANG_ANALYZER_NUMBER_OBJECT_CONVERSION = YES_AGGRESSIVE;
				CLANG_CXX_LANGUAGE_STANDARD = "gnu++14";
				CLANG_CXX_LIBRARY = "libc++";
				CLANG_ENABLE_MODULES = YES;
				CLANG_ENABLE_OBJC_ARC = YES;
				CLANG_ENABLE_OBJC_WEAK = YES;
				CLANG_WARN_BLOCK_CAPTURE_AUTORELEASING = YES;
				CLANG_WARN_BOOL_CONVERSION = YES;
				CLANG_WARN_COMMA = YES;
				CLANG_WARN_CONSTANT_CONVERSION = YES;
				CLANG_WARN_DEPRECATED_OBJC_IMPLEMENTATIONS = YES;
				CLANG_WARN_DIRECT_OBJC_ISA_USAGE = YES_ERROR;
				CLANG_WARN_DOCUMENTATION_COMMENTS = YES;
				CLANG_WARN_EMPTY_BODY = YES;
				CLANG_WARN_ENUM_CONVERSION = YES;
				CLANG_WARN_INFINITE_RECURSION = YES;
				CLANG_WARN_INT_CONVERSION = YES;
				CLANG_WARN_NON_LITERAL_NULL_CONVERSION = YES;
				CLANG_WARN_OBJC_IMPLICIT_RETAIN_SELF = YES;
				CLANG_WARN_OBJC_LITERAL_CONVERSION = YES;
				CLANG_WARN_OBJC_ROOT_CLASS = YES_ERROR;
				CLANG_WARN_RANGE_LOOP_ANALYSIS = YES;
				CLANG_WARN_STRICT_PROTOTYPES = YES;
				CLANG_WARN_SUSPICIOUS_MOVE = YES;
				CLANG_WARN_UNGUARDED_AVAILABILITY = YES_AGGRESSIVE;
				CLANG_WARN_UNREACHABLE_CODE = YES;
				CLANG_WARN__DUPLICATE_METHOD_MATCH = YES;
				CODE_SIGN_IDENTITY = "Mac Developer";
				COPY_PHASE_STRIP = NO;
				DEBUG_INFORMATION_FORMAT = "dwarf-with-dsym";
				ENABLE_NS_ASSERTIONS = NO;
				ENABLE_STRICT_OBJC_MSGSEND = YES;
				GCC_C_LANGUAGE_STANDARD = gnu11;
				GCC_NO_COMMON_BLOCKS = YES;
				GCC_WARN_64_TO_32_BIT_CONVERSION = YES;
				GCC_WARN_ABOUT_RETURN_TYPE = YES_ERROR;
				GCC_WARN_UNDECLARED_SELECTOR = YES;
				GCC_WARN_UNINITIALIZED_AUTOS = YES_AGGRESSIVE;
				GCC_WARN_UNUSED_FUNCTION = YES;
				GCC_WARN_UNUSED_VARIABLE = YES;
				MACOSX_DEPLOYMENT_TARGET = 10.14;
				MTL_ENABLE_DEBUG_INFO = NO;
				MTL_FAST_MATH = YES;
				SDKROOT = macosx;
			};
			name = Release;
		};
		193CB9B922B042EB00FDFD0B /* Debug */ = {
			isa = XCBuildConfiguration;
			buildSettings = {
				CODE_SIGN_STYLE = Automatic;
				DEVELOPMENT_TEAM = VT7HQYML5H;
				PRODUCT_NAME = "$(TARGET_NAME)";
			};
			name = Debug;
		};
		193CB9BA22B042EB00FDFD0B /* Release */ = {
			isa = XCBuildConfiguration;
			buildSettings = {
				CODE_SIGN_STYLE = Automatic;
				DEVELOPMENT_TEAM = VT7HQYML5H;
				PRODUCT_NAME = "$(TARGET_NAME)";
			};
			name = Release;
		};
/* End XCBuildConfiguration section */

/* Begin XCConfigurationList section */
		193CB9AC22B042EB00FDFD0B /* Build configuration list for PBXProject "mmn14" */ = {
			isa = XCConfigurationList;
			buildConfigurations = (
				193CB9B622B042EB00FDFD0B /* Debug */,
				193CB9B722B042EB00FDFD0B /* Release */,
			);
			defaultConfigurationIsVisible = 0;
			defaultConfigurationName = Release;
		};
		193CB9B822B042EB00FDFD0B /* Build configuration list for PBXNativeTarget "mmn14" */ = {
			isa = XCConfigurationList;
			buildConfigurations = (
				193CB9B922B042EB00FDFD0B /* Debug */,
				193CB9BA22B042EB00FDFD0B /* Release */,
			);
			defaultConfigurationIsVisible = 0;
			defaultConfigurationName = Release;
		};
/* End XCConfigurationList section */
	};
	rootObject = 193CB9A922B042EB00FDFD0B /* Project object */;
}
